
Microsoft Visual Studio Solution File, Format Version 12.00
# Visual Studio Version 17
VisualStudioVersion = 17.5.33424.131
MinimumVisualStudioVersion = 10.0.40219.1
Project("{9A19103F-16F7-4668-BE54-9A1E7A4F7556}") = "DynamicComponent", "DynamicComponent\DynamicComponent.csproj", "{9712A827-9ADF-4087-8A39-481119B02324}"
EndProject
Project("{9A19103F-16F7-4668-BE54-9A1E7A4F7556}") = "DynamicComponentDemo", "DynamicComponentDemo\DynamicComponentDemo.csproj", "{F88CA6B2-189F-4BD7-97CF-E45D240CCFDE}"
EndProject
Global
	GlobalSection(SolutionConfigurationPlatforms) = preSolution
		Debug|Any CPU = Debug|Any CPU
		Release|Any CPU = Release|Any CPU
	EndGlobalSection
	GlobalSection(ProjectConfigurationPlatforms) = postSolution
		{9712A827-9ADF-4087-8A39-481119B02324}.Debug|Any CPU.ActiveCfg = Debug|Any CPU
		{9712A827-9ADF-4087-8A39-481119B02324}.Debug|Any CPU.Build.0 = Debug|Any CPU
		{9712A827-9ADF-4087-8A39-481119B02324}.Release|Any CPU.ActiveCfg = Release|Any CPU
		{9712A827-9ADF-4087-8A39-481119B02324}.Release|Any CPU.Build.0 = Release|Any CPU
		{F88CA6B2-189F-4BD7-97CF-E45D240CCFDE}.Debug|Any CPU.ActiveCfg = Debug|Any CPU
		{F88CA6B2-189F-4BD7-97CF-E45D240CCFDE}.Debug|Any CPU.Build.0 = Debug|Any CPU
		{F88CA6B2-189F-4BD7-97CF-E45D240CCFDE}.Release|Any CPU.ActiveCfg = Release|Any CPU
		{F88CA6B2-189F-4BD7-97CF-E45D240CCFDE}.Release|Any CPU.Build.0 = Release|Any CPU
	EndGlobalSection
	GlobalSection(SolutionProperties) = preSolution
		HideSolutionNode = FALSE
	EndGlobalSection
	GlobalSection(ExtensibilityGlobals) = postSolution
		SolutionGuid = {2FB13B1D-D08E-42D2-BB7E-66DEF95EDBAA}
	EndGlobalSection
EndGlobal
